
Microsoft Visual Studio Solution File, Format Version 12.00
Project("{FAE04EC0-301F-11D3-BF4B-00C04F79EFBC}") = "ProductGrpcService", "ProductGrpcService\ProductGrpcService.csproj", "{4D3D87B5-920D-41A8-B0B0-EBC5F261A2FB}"
EndProject
Global
	GlobalSection(SolutionConfigurationPlatforms) = preSolution
		Debug|Any CPU = Debug|Any CPU
		Release|Any CPU = Release|Any CPU
	EndGlobalSection
	GlobalSection(ProjectConfigurationPlatforms) = postSolution
		{4D3D87B5-920D-41A8-B0B0-EBC5F261A2FB}.Debug|Any CPU.ActiveCfg = Debug|Any CPU
		{4D3D87B5-920D-41A8-B0B0-EBC5F261A2FB}.Debug|Any CPU.Build.0 = Debug|Any CPU
		{4D3D87B5-920D-41A8-B0B0-EBC5F261A2FB}.Release|Any CPU.ActiveCfg = Release|Any CPU
		{4D3D87B5-920D-41A8-B0B0-EBC5F261A2FB}.Release|Any CPU.Build.0 = Release|Any CPU
	EndGlobalSection
EndGlobal
